
Microsoft Visual Studio Solution File, Format Version 12.00
# Visual Studio 15
VisualStudioVersion = 15.0.28307.572
MinimumVisualStudioVersion = 10.0.40219.1
Project("{FAE04EC0-301F-11D3-BF4B-00C04F79EFBC}") = "Teste_Colecoes", "Teste_Colecoes\Teste_Colecoes.csproj", "{C1B78F03-8EA7-4693-B993-6F7FC22840B6}"
EndProject
Project("{FAE04EC0-301F-11D3-BF4B-00C04F79EFBC}") = "PlayerManager3", "PlayerManager3\PlayerManager3.csproj", "{0C3A337A-726F-44A4-844B-8C157BD0B635}"
EndProject
Project("{FAE04EC0-301F-11D3-BF4B-00C04F79EFBC}") = "PlayerManager4", "PlayerManager4\PlayerManager4.csproj", "{BCC74943-BDAF-4447-8120-A6C2DDB7E031}"
EndProject
Project("{FAE04EC0-301F-11D3-BF4B-00C04F79EFBC}") = "StringCollections", "StringCollections\StringCollections.csproj", "{3D7B7B8E-1C05-4F52-AE77-8A38A286582B}"
EndProject
Global
	GlobalSection(SolutionConfigurationPlatforms) = preSolution
		Debug|Any CPU = Debug|Any CPU
		Release|Any CPU = Release|Any CPU
	EndGlobalSection
	GlobalSection(ProjectConfigurationPlatforms) = postSolution
		{C1B78F03-8EA7-4693-B993-6F7FC22840B6}.Debug|Any CPU.ActiveCfg = Debug|Any CPU
		{C1B78F03-8EA7-4693-B993-6F7FC22840B6}.Debug|Any CPU.Build.0 = Debug|Any CPU
		{C1B78F03-8EA7-4693-B993-6F7FC22840B6}.Release|Any CPU.ActiveCfg = Release|Any CPU
		{C1B78F03-8EA7-4693-B993-6F7FC22840B6}.Release|Any CPU.Build.0 = Release|Any CPU
		{0C3A337A-726F-44A4-844B-8C157BD0B635}.Debug|Any CPU.ActiveCfg = Debug|Any CPU
		{0C3A337A-726F-44A4-844B-8C157BD0B635}.Debug|Any CPU.Build.0 = Debug|Any CPU
		{0C3A337A-726F-44A4-844B-8C157BD0B635}.Release|Any CPU.ActiveCfg = Release|Any CPU
		{0C3A337A-726F-44A4-844B-8C157BD0B635}.Release|Any CPU.Build.0 = Release|Any CPU
		{BCC74943-BDAF-4447-8120-A6C2DDB7E031}.Debug|Any CPU.ActiveCfg = Debug|Any CPU
		{BCC74943-BDAF-4447-8120-A6C2DDB7E031}.Debug|Any CPU.Build.0 = Debug|Any CPU
		{BCC74943-BDAF-4447-8120-A6C2DDB7E031}.Release|Any CPU.ActiveCfg = Release|Any CPU
		{BCC74943-BDAF-4447-8120-A6C2DDB7E031}.Release|Any CPU.Build.0 = Release|Any CPU
		{3D7B7B8E-1C05-4F52-AE77-8A38A286582B}.Debug|Any CPU.ActiveCfg = Debug|Any CPU
		{3D7B7B8E-1C05-4F52-AE77-8A38A286582B}.Debug|Any CPU.Build.0 = Debug|Any CPU
		{3D7B7B8E-1C05-4F52-AE77-8A38A286582B}.Release|Any CPU.ActiveCfg = Release|Any CPU
		{3D7B7B8E-1C05-4F52-AE77-8A38A286582B}.Release|Any CPU.Build.0 = Release|Any CPU
	EndGlobalSection
	GlobalSection(SolutionProperties) = preSolution
		HideSolutionNode = FALSE
	EndGlobalSection
	GlobalSection(ExtensibilityGlobals) = postSolution
		SolutionGuid = {BDD79E81-FBFE-4E06-9ADA-25E54F8A8252}
	EndGlobalSection
EndGlobal
